{
  "originHash" : "55e8cea54bc524ffc89696c692b050053973bd5b5a6143c30dca2a250064af96",
  "pins" : [
    {
      "identity" : "mixpanel-swift",
      "kind" : "remoteSourceControl",
      "location" : "https://github.com/mixpanel/mixpanel-swift",
      "state" : {
        "revision" : "c550cbef7654e59d06bf9c224ea25f681dea8975",
        "version" : "4.4.0"
      }
    },
    {
      "identity" : "purchases-ios",
      "kind" : "remoteSourceControl",
      "location" : "https://github.com/RevenueCat/purchases-ios",
      "state" : {
        "revision" : "4d75c384d9169316d6aa5b74b541c02dd0e345ec",
        "version" : "5.60.0"
      }
    }
  ],
  "version" : 3
}
