// !$*UTF8*$!
{
	archiveVersion = 1;
	classes = {
	};
	objectVersion = 77;
	objects = {

/* Begin PBXBuildFile section */
		03986A37B534C7D298EB510A /* SettingsView.swift in Sources */ = {isa = PBXBuildFile; fileRef = FFE12A6ED4220C16068D6F8D /* SettingsView.swift */; };
		09EF3EC94465E340470D3CC8 /* HealthKit.framework in Frameworks */ = {isa = PBXBuildFile; fileRef = 9DD1F3CBFCADD283CD7F6BB6 /* HealthKit.framework */; };
		0AECD67AA929C2CE430BA15E /* InsightEngine.swift in Sources */ = {isa = PBXBuildFile; fileRef = 7432E35D02B1E385478313E1 /* InsightEngine.swift */; };
		132D05B1BBDCB98EBD28290B /* MicroMoodWidget.swift in Sources */ = {isa = PBXBuildFile; fileRef = 5D023033CD7278582FA4A2C4 /* MicroMoodWidget.swift */; };
		205E62FE61D3F52153ACD985 /* MoodStore.swift in Sources */ = {isa = PBXBuildFile; fileRef = D6E415FC9EAE8E7B8163692D /* MoodStore.swift */; };
		21998F7F33C25079B2A79357 /* HealthKitService.swift in Sources */ = {isa = PBXBuildFile; fileRef = C9D0FB6FFE2F2C2D8F9DD900 /* HealthKitService.swift */; };
		39B079694693CA388017C9CB /* PersistenceController.swift in Sources */ = {isa = PBXBuildFile; fileRef = 40DF5AC6D8CF0565F1EB9524 /* PersistenceController.swift */; };
		43DB2F52E6CD61647C7554F6 /* Mixpanel in Frameworks */ = {isa = PBXBuildFile; productRef = D3DDC9D244B334E69D2FC301 /* Mixpanel */; };
		4585E8DE19C7B1E0C5117AC2 /* HomeViewModel.swift in Sources */ = {isa = PBXBuildFile; fileRef = EE9EE51E7BC089BC31EDB316 /* HomeViewModel.swift */; };
		6DB902669F4954F672D94BEC /* InsightsViewModel.swift in Sources */ = {isa = PBXBuildFile; fileRef = 439D637227A33C71B271EF42 /* InsightsViewModel.swift */; };
		80FC8F2F0EB9B99C5A341F61 /* MicroMoodApp.swift in Sources */ = {isa = PBXBuildFile; fileRef = 05C4CDCB3967B0B497F1B0A8 /* MicroMoodApp.swift */; };
		8F4FC5EBB11B5B0922FE8868 /* RevenueCat in Frameworks */ = {isa = PBXBuildFile; productRef = 96FCEF2DBCBBE43F386F91B5 /* RevenueCat */; };
		9B7979E48C0AFA3218A88507 /* MoodEntryMO+CoreDataProperties.swift in Sources */ = {isa = PBXBuildFile; fileRef = 4ED70EA7126977F86F4518E2 /* MoodEntryMO+CoreDataProperties.swift */; };
		A70582EE0478EDCA7543009D /* MoodEntry.swift in Sources */ = {isa = PBXBuildFile; fileRef = 44B60A17C21042710506240E /* MoodEntry.swift */; };
		AD29D4FD286B79ED4F79546E /* OnboardingView.swift in Sources */ = {isa = PBXBuildFile; fileRef = 90B15108B4FB01A21C8BEBAD /* OnboardingView.swift */; };
		B9F1DCDF1518830A5AC314D7 /* SubscriptionManager.swift in Sources */ = {isa = PBXBuildFile; fileRef = 1BF439537F6AC7F9BE9B3C78 /* SubscriptionManager.swift */; };
		C80865A9FFE8AC4208C30A18 /* InsightsView.swift in Sources */ = {isa = PBXBuildFile; fileRef = 2D4D0CBF64F12907B0FA392D /* InsightsView.swift */; };
		C9D9A2278677F8AB0FBCFCF9 /* MicroMoodiOSTests.swift in Sources */ = {isa = PBXBuildFile; fileRef = 2C02D2D9F7F2EB24B8B2D466 /* MicroMoodiOSTests.swift */; };
		D863C97D812F2F4B1E8E573A /* RevenueCatUI in Frameworks */ = {isa = PBXBuildFile; productRef = 06429C2EEF1A85D68ABC95E7 /* RevenueCatUI */; };
		D8B2DEC9ECF7DC87C33A3F6A /* ContentView.swift in Sources */ = {isa = PBXBuildFile; fileRef = DE5CA9A6E39014D777C61DA6 /* ContentView.swift */; };
		DF90D4F084D64E9AA658CA32 /* MoodLevel.swift in Sources */ = {isa = PBXBuildFile; fileRef = 1EE9DA52917854FDF0CB9E06 /* MoodLevel.swift */; };
		E075F9A33FE01C05986472D5 /* HomeView.swift in Sources */ = {isa = PBXBuildFile; fileRef = 96DF87CB4C1AD5D8CE6DF61F /* HomeView.swift */; };
		F456140563E2A6E60EB23736 /* HistoryView.swift in Sources */ = {isa = PBXBuildFile; fileRef = 5CBD20CFF8E32AEAF4E332EA /* HistoryView.swift */; };
		F8757CFBB5693519E73347A9 /* MainTabView.swift in Sources */ = {isa = PBXBuildFile; fileRef = 5CF577AF2861E43CC2235271 /* MainTabView.swift */; };
/* End PBXBuildFile section */

/* Begin PBXContainerItemProxy section */
		2D416F4D8CE89BAD151E05BA /* PBXContainerItemProxy */ = {
			isa = PBXContainerItemProxy;
			containerPortal = B9D640F682DC2EB645DB3BBA /* Project object */;
			proxyType = 1;
			remoteGlobalIDString = C5ACA314F0D69620DB09365E;
			remoteInfo = MicroMoodiOS;
		};
/* End PBXContainerItemProxy section */

/* Begin PBXFileReference section */
		05C4CDCB3967B0B497F1B0A8 /* MicroMoodApp.swift */ = {isa = PBXFileReference; lastKnownFileType = sourcecode.swift; path = MicroMoodApp.swift; sourceTree = "<group>"; };
		1BF439537F6AC7F9BE9B3C78 /* SubscriptionManager.swift */ = {isa = PBXFileReference; lastKnownFileType = sourcecode.swift; path = SubscriptionManager.swift; sourceTree = "<group>"; };
		1EE9DA52917854FDF0CB9E06 /* MoodLevel.swift */ = {isa = PBXFileReference; lastKnownFileType = sourcecode.swift; path = MoodLevel.swift; sourceTree = "<group>"; };
		298B73A1420CA8342F598E54 /* MicroMoodiOSWidget.appex */ = {isa = PBXFileReference; includeInIndex = 0; lastKnownFileType = "wrapper.app-extension"; path = MicroMoodiOSWidget.appex; sourceTree = BUILT_PRODUCTS_DIR; };
		2C02D2D9F7F2EB24B8B2D466 /* MicroMoodiOSTests.swift */ = {isa = PBXFileReference; lastKnownFileType = sourcecode.swift; path = MicroMoodiOSTests.swift; sourceTree = "<group>"; };
		2D4D0CBF64F12907B0FA392D /* InsightsView.swift */ = {isa = PBXFileReference; lastKnownFileType = sourcecode.swift; path = InsightsView.swift; sourceTree = "<group>"; };
		3539BFEA5CF1CEC1326E3FE6 /* MicroMoodiOSTests.xctest */ = {isa = PBXFileReference; includeInIndex = 0; lastKnownFileType = wrapper.cfbundle; path = MicroMoodiOSTests.xctest; sourceTree = BUILT_PRODUCTS_DIR; };
		40DF5AC6D8CF0565F1EB9524 /* PersistenceController.swift */ = {isa = PBXFileReference; lastKnownFileType = sourcecode.swift; path = PersistenceController.swift; sourceTree = "<group>"; };
		439D637227A33C71B271EF42 /* InsightsViewModel.swift */ = {isa = PBXFileReference; lastKnownFileType = sourcecode.swift; path = InsightsViewModel.swift; sourceTree = "<group>"; };
		44B60A17C21042710506240E /* MoodEntry.swift */ = {isa = PBXFileReference; lastKnownFileType = sourcecode.swift; path = MoodEntry.swift; sourceTree = "<group>"; };
		4ED70EA7126977F86F4518E2 /* MoodEntryMO+CoreDataProperties.swift */ = {isa = PBXFileReference; lastKnownFileType = sourcecode.swift; path = "MoodEntryMO+CoreDataProperties.swift"; sourceTree = "<group>"; };
		5CBD20CFF8E32AEAF4E332EA /* HistoryView.swift */ = {isa = PBXFileReference; lastKnownFileType = sourcecode.swift; path = HistoryView.swift; sourceTree = "<group>"; };
		5CF577AF2861E43CC2235271 /* MainTabView.swift */ = {isa = PBXFileReference; lastKnownFileType = sourcecode.swift; path = MainTabView.swift; sourceTree = "<group>"; };
		5D023033CD7278582FA4A2C4 /* MicroMoodWidget.swift */ = {isa = PBXFileReference; lastKnownFileType = sourcecode.swift; path = MicroMoodWidget.swift; sourceTree = "<group>"; };
		7432E35D02B1E385478313E1 /* InsightEngine.swift */ = {isa = PBXFileReference; lastKnownFileType = sourcecode.swift; path = InsightEngine.swift; sourceTree = "<group>"; };
		7DA9F2429984113D435F3AD8 /* MicroMoodiOS.app */ = {isa = PBXFileReference; includeInIndex = 0; lastKnownFileType = wrapper.application; path = MicroMoodiOS.app; sourceTree = BUILT_PRODUCTS_DIR; };
		90B15108B4FB01A21C8BEBAD /* OnboardingView.swift */ = {isa = PBXFileReference; lastKnownFileType = sourcecode.swift; path = OnboardingView.swift; sourceTree = "<group>"; };
		96DF87CB4C1AD5D8CE6DF61F /* HomeView.swift */ = {isa = PBXFileReference; lastKnownFileType = sourcecode.swift; path = HomeView.swift; sourceTree = "<group>"; };
		9DD1F3CBFCADD283CD7F6BB6 /* HealthKit.framework */ = {isa = PBXFileReference; lastKnownFileType = wrapper.framework; name = HealthKit.framework; path = System/Library/Frameworks/HealthKit.framework; sourceTree = SDKROOT; };
		C9D0FB6FFE2F2C2D8F9DD900 /* HealthKitService.swift */ = {isa = PBXFileReference; lastKnownFileType = sourcecode.swift; path = HealthKitService.swift; sourceTree = "<group>"; };
		D6E415FC9EAE8E7B8163692D /* MoodStore.swift */ = {isa = PBXFileReference; lastKnownFileType = sourcecode.swift; path = MoodStore.swift; sourceTree = "<group>"; };
		DE5CA9A6E39014D777C61DA6 /* ContentView.swift */ = {isa = PBXFileReference; lastKnownFileType = sourcecode.swift; path = ContentView.swift; sourceTree = "<group>"; };
		EE9EE51E7BC089BC31EDB316 /* HomeViewModel.swift */ = {isa = PBXFileReference; lastKnownFileType = sourcecode.swift; path = HomeViewModel.swift; sourceTree = "<group>"; };
		FFE12A6ED4220C16068D6F8D /* SettingsView.swift */ = {isa = PBXFileReference; lastKnownFileType = sourcecode.swift; path = SettingsView.swift; sourceTree = "<group>"; };
/* End PBXFileReference section */

/* Begin PBXFrameworksBuildPhase section */
		42ECC3FB9111D86EEAB0FA5D /* Frameworks */ = {
			isa = PBXFrameworksBuildPhase;
			buildActionMask = 2147483647;
			files = (
				8F4FC5EBB11B5B0922FE8868 /* RevenueCat in Frameworks */,
				D863C97D812F2F4B1E8E573A /* RevenueCatUI in Frameworks */,
				43DB2F52E6CD61647C7554F6 /* Mixpanel in Frameworks */,
				09EF3EC94465E340470D3CC8 /* HealthKit.framework in Frameworks */,
			);
			runOnlyForDeploymentPostprocessing = 0;
		};
/* End PBXFrameworksBuildPhase section */

/* Begin PBXGroup section */
		128AEC808BF3F4BED9EF4A4A /* Widget */ = {
			isa = PBXGroup;
			children = (
				5D023033CD7278582FA4A2C4 /* MicroMoodWidget.swift */,
			);
			path = Widget;
			sourceTree = "<group>";
		};
		1EB87B9B035138E1C379570D /* Services */ = {
			isa = PBXGroup;
			children = (
				C9D0FB6FFE2F2C2D8F9DD900 /* HealthKitService.swift */,
				7432E35D02B1E385478313E1 /* InsightEngine.swift */,
				D6E415FC9EAE8E7B8163692D /* MoodStore.swift */,
				40DF5AC6D8CF0565F1EB9524 /* PersistenceController.swift */,
				1BF439537F6AC7F9BE9B3C78 /* SubscriptionManager.swift */,
			);
			path = Services;
			sourceTree = "<group>";
		};
		304F7EEAC66E0A7A0594EA33 = {
			isa = PBXGroup;
			children = (
				7EC3562B1CD7E9104FFD56F7 /* App */,
				76895D300E89DF361C07F95A /* MicroMoodiOSTests */,
				441E998BF3CC9C02AF8300C8 /* Models */,
				1EB87B9B035138E1C379570D /* Services */,
				7EE22240B4243AC76724C2A1 /* ViewModels */,
				789E6F52ACB5A0FDD9F333FE /* Views */,
				128AEC808BF3F4BED9EF4A4A /* Widget */,
				44DE330EF66D5B7B9873765C /* Frameworks */,
				E7E1FA96D1E8EBBE742DA33C /* Products */,
			);
			sourceTree = "<group>";
		};
		441E998BF3CC9C02AF8300C8 /* Models */ = {
			isa = PBXGroup;
			children = (
				44B60A17C21042710506240E /* MoodEntry.swift */,
				4ED70EA7126977F86F4518E2 /* MoodEntryMO+CoreDataProperties.swift */,
				1EE9DA52917854FDF0CB9E06 /* MoodLevel.swift */,
			);
			path = Models;
			sourceTree = "<group>";
		};
		44DE330EF66D5B7B9873765C /* Frameworks */ = {
			isa = PBXGroup;
			children = (
				9DD1F3CBFCADD283CD7F6BB6 /* HealthKit.framework */,
			);
			name = Frameworks;
			sourceTree = "<group>";
		};
		76895D300E89DF361C07F95A /* MicroMoodiOSTests */ = {
			isa = PBXGroup;
			children = (
				2C02D2D9F7F2EB24B8B2D466 /* MicroMoodiOSTests.swift */,
			);
			path = MicroMoodiOSTests;
			sourceTree = "<group>";
		};
		789E6F52ACB5A0FDD9F333FE /* Views */ = {
			isa = PBXGroup;
			children = (
				5CBD20CFF8E32AEAF4E332EA /* HistoryView.swift */,
				96DF87CB4C1AD5D8CE6DF61F /* HomeView.swift */,
				2D4D0CBF64F12907B0FA392D /* InsightsView.swift */,
				5CF577AF2861E43CC2235271 /* MainTabView.swift */,
				90B15108B4FB01A21C8BEBAD /* OnboardingView.swift */,
				FFE12A6ED4220C16068D6F8D /* SettingsView.swift */,
			);
			path = Views;
			sourceTree = "<group>";
		};
		7EC3562B1CD7E9104FFD56F7 /* App */ = {
			isa = PBXGroup;
			children = (
				DE5CA9A6E39014D777C61DA6 /* ContentView.swift */,
				05C4CDCB3967B0B497F1B0A8 /* MicroMoodApp.swift */,
			);
			path = App;
			sourceTree = "<group>";
		};
		7EE22240B4243AC76724C2A1 /* ViewModels */ = {
			isa = PBXGroup;
			children = (
				EE9EE51E7BC089BC31EDB316 /* HomeViewModel.swift */,
				439D637227A33C71B271EF42 /* InsightsViewModel.swift */,
			);
			path = ViewModels;
			sourceTree = "<group>";
		};
		E7E1FA96D1E8EBBE742DA33C /* Products */ = {
			isa = PBXGroup;
			children = (
				7DA9F2429984113D435F3AD8 /* MicroMoodiOS.app */,
				3539BFEA5CF1CEC1326E3FE6 /* MicroMoodiOSTests.xctest */,
				298B73A1420CA8342F598E54 /* MicroMoodiOSWidget.appex */,
			);
			name = Products;
			sourceTree = "<group>";
		};
/* End PBXGroup section */

/* Begin PBXNativeTarget section */
		5B2AAE42BF5BF7DDCEF82A03 /* MicroMoodiOSTests */ = {
			isa = PBXNativeTarget;
			buildConfigurationList = ED5C874E5DBCF88E4564E2CA /* Build configuration list for PBXNativeTarget "MicroMoodiOSTests" */;
			buildPhases = (
				7295B9741ED55DD521BCC192 /* Sources */,
			);
			buildRules = (
			);
			dependencies = (
				593F6B3FEA7B07AD9776DEBD /* PBXTargetDependency */,
			);
			name = MicroMoodiOSTests;
			packageProductDependencies = (
			);
			productName = MicroMoodiOSTests;
			productReference = 3539BFEA5CF1CEC1326E3FE6 /* MicroMoodiOSTests.xctest */;
			productType = "com.apple.product-type.bundle.unit-test";
		};
		C5ACA314F0D69620DB09365E /* MicroMoodiOS */ = {
			isa = PBXNativeTarget;
			buildConfigurationList = 1EB898B11DCE3C29F59AC6BA /* Build configuration list for PBXNativeTarget "MicroMoodiOS" */;
			buildPhases = (
				D9D792EA107E49ED5C714125 /* Sources */,
				42ECC3FB9111D86EEAB0FA5D /* Frameworks */,
			);
			buildRules = (
			);
			dependencies = (
			);
			name = MicroMoodiOS;
			packageProductDependencies = (
				96FCEF2DBCBBE43F386F91B5 /* RevenueCat */,
				06429C2EEF1A85D68ABC95E7 /* RevenueCatUI */,
				D3DDC9D244B334E69D2FC301 /* Mixpanel */,
			);
			productName = MicroMoodiOS;
			productReference = 7DA9F2429984113D435F3AD8 /* MicroMoodiOS.app */;
			productType = "com.apple.product-type.application";
		};
		C6EFC85919ABBB4E75F8412D /* MicroMoodiOSWidget */ = {
			isa = PBXNativeTarget;
			buildConfigurationList = A4C08FF8F28F1294669139BC /* Build configuration list for PBXNativeTarget "MicroMoodiOSWidget" */;
			buildPhases = (
				4E29BE3BDA0E2A5307858C18 /* Sources */,
			);
			buildRules = (
			);
			dependencies = (
			);
			name = MicroMoodiOSWidget;
			packageProductDependencies = (
			);
			productName = MicroMoodiOSWidget;
			productReference = 298B73A1420CA8342F598E54 /* MicroMoodiOSWidget.appex */;
			productType = "com.apple.product-type.app-extension";
		};
/* End PBXNativeTarget section */

/* Begin PBXProject section */
		B9D640F682DC2EB645DB3BBA /* Project object */ = {
			isa = PBXProject;
			attributes = {
				BuildIndependentTargetsInParallel = YES;
				LastUpgradeCheck = 1600;
				TargetAttributes = {
					5B2AAE42BF5BF7DDCEF82A03 = {
						DevelopmentTeam = S5U8UH3JLJ;
						ProvisioningStyle = Manual;
					};
					C5ACA314F0D69620DB09365E = {
						DevelopmentTeam = S5U8UH3JLJ;
						ProvisioningStyle = Manual;
					};
					C6EFC85919ABBB4E75F8412D = {
						DevelopmentTeam = S5U8UH3JLJ;
						ProvisioningStyle = Manual;
					};
				};
			};
			buildConfigurationList = ECC5DD664421E4650AC5E7DB /* Build configuration list for PBXProject "MicroMoodiOS" */;
			compatibilityVersion = "Xcode 14.0";
			developmentRegion = en;
			hasScannedForEncodings = 0;
			knownRegions = (
				Base,
				en,
			);
			mainGroup = 304F7EEAC66E0A7A0594EA33;
			minimizedProjectReferenceProxies = 1;
			packageReferences = (
				C5035DD5F42B88ADD51FB9A3 /* XCRemoteSwiftPackageReference "mixpanel-swift" */,
				CBA61220279D955B5A1EF3EC /* XCRemoteSwiftPackageReference "purchases-ios" */,
			);
			preferredProjectObjectVersion = 77;
			projectDirPath = "";
			projectRoot = "";
			targets = (
				C5ACA314F0D69620DB09365E /* MicroMoodiOS */,
				5B2AAE42BF5BF7DDCEF82A03 /* MicroMoodiOSTests */,
				C6EFC85919ABBB4E75F8412D /* MicroMoodiOSWidget */,
			);
		};
/* End PBXProject section */

/* Begin PBXSourcesBuildPhase section */
		4E29BE3BDA0E2A5307858C18 /* Sources */ = {
			isa = PBXSourcesBuildPhase;
			buildActionMask = 2147483647;
			files = (
				132D05B1BBDCB98EBD28290B /* MicroMoodWidget.swift in Sources */,
			);
			runOnlyForDeploymentPostprocessing = 0;
		};
		7295B9741ED55DD521BCC192 /* Sources */ = {
			isa = PBXSourcesBuildPhase;
			buildActionMask = 2147483647;
			files = (
				C9D9A2278677F8AB0FBCFCF9 /* MicroMoodiOSTests.swift in Sources */,
			);
			runOnlyForDeploymentPostprocessing = 0;
		};
		D9D792EA107E49ED5C714125 /* Sources */ = {
			isa = PBXSourcesBuildPhase;
			buildActionMask = 2147483647;
			files = (
				D8B2DEC9ECF7DC87C33A3F6A /* ContentView.swift in Sources */,
				21998F7F33C25079B2A79357 /* HealthKitService.swift in Sources */,
				F456140563E2A6E60EB23736 /* HistoryView.swift in Sources */,
				E075F9A33FE01C05986472D5 /* HomeView.swift in Sources */,
				4585E8DE19C7B1E0C5117AC2 /* HomeViewModel.swift in Sources */,
				0AECD67AA929C2CE430BA15E /* InsightEngine.swift in Sources */,
				C80865A9FFE8AC4208C30A18 /* InsightsView.swift in Sources */,
				6DB902669F4954F672D94BEC /* InsightsViewModel.swift in Sources */,
				F8757CFBB5693519E73347A9 /* MainTabView.swift in Sources */,
				80FC8F2F0EB9B99C5A341F61 /* MicroMoodApp.swift in Sources */,
				A70582EE0478EDCA7543009D /* MoodEntry.swift in Sources */,
				9B7979E48C0AFA3218A88507 /* MoodEntryMO+CoreDataProperties.swift in Sources */,
				DF90D4F084D64E9AA658CA32 /* MoodLevel.swift in Sources */,
				205E62FE61D3F52153ACD985 /* MoodStore.swift in Sources */,
				AD29D4FD286B79ED4F79546E /* OnboardingView.swift in Sources */,
				39B079694693CA388017C9CB /* PersistenceController.swift in Sources */,
				03986A37B534C7D298EB510A /* SettingsView.swift in Sources */,
				B9F1DCDF1518830A5AC314D7 /* SubscriptionManager.swift in Sources */,
			);
			runOnlyForDeploymentPostprocessing = 0;
		};
/* End PBXSourcesBuildPhase section */

/* Begin PBXTargetDependency section */
		593F6B3FEA7B07AD9776DEBD /* PBXTargetDependency */ = {
			isa = PBXTargetDependency;
			target = C5ACA314F0D69620DB09365E /* MicroMoodiOS */;
			targetProxy = 2D416F4D8CE89BAD151E05BA /* PBXContainerItemProxy */;
		};
/* End PBXTargetDependency section */

/* Begin XCBuildConfiguration section */
		3E3E71C16320C8C9A5D11DF4 /* Release */ = {
			isa = XCBuildConfiguration;
			buildSettings = {
				BUNDLE_LOADER = "$(TEST_HOST)";
				CODE_SIGN_IDENTITY = "iPhone Distribution";
				CODE_SIGN_STYLE = Manual;
				DEVELOPMENT_TEAM = S5U8UH3JLJ;
				IPHONEOS_DEPLOYMENT_TARGET = 17.0;
				LD_RUNPATH_SEARCH_PATHS = (
					"$(inherited)",
					"@executable_path/Frameworks",
					"@loader_path/Frameworks",
				);
				PRODUCT_BUNDLE_IDENTIFIER = com.anicca.micromood.tests;
				SDKROOT = iphoneos;
				TARGETED_DEVICE_FAMILY = "1,2";
				TEST_HOST = "$(BUILT_PRODUCTS_DIR)/MicroMoodiOS.app/MicroMoodiOS";
			};
			name = Release;
		};
		3F844F868DC93DA6E01DE181 /* Release */ = {
			isa = XCBuildConfiguration;
			buildSettings = {
				CODE_SIGN_IDENTITY = "iPhone Distribution";
				CODE_SIGN_STYLE = Manual;
				DEVELOPMENT_TEAM = S5U8UH3JLJ;
				GENERATE_INFOPLIST_FILE = YES;
				INFOPLIST_KEY_CFBundleDisplayName = "Micro Mood Widget";
				IPHONEOS_DEPLOYMENT_TARGET = 17.0;
				LD_RUNPATH_SEARCH_PATHS = (
					"$(inherited)",
					"@executable_path/Frameworks",
					"@executable_path/../../Frameworks",
				);
				PRODUCT_BUNDLE_IDENTIFIER = com.anicca.micromood.widget;
				SDKROOT = iphoneos;
				TARGETED_DEVICE_FAMILY = "1,2";
			};
			name = Release;
		};
		4AC7F0A35EEC263DE97A526A /* Debug */ = {
			isa = XCBuildConfiguration;
			buildSettings = {
				BUNDLE_LOADER = "$(TEST_HOST)";
				CODE_SIGN_IDENTITY = "iPhone Distribution";
				CODE_SIGN_STYLE = Manual;
				DEVELOPMENT_TEAM = S5U8UH3JLJ;
				IPHONEOS_DEPLOYMENT_TARGET = 17.0;
				LD_RUNPATH_SEARCH_PATHS = (
					"$(inherited)",
					"@executable_path/Frameworks",
					"@loader_path/Frameworks",
				);
				PRODUCT_BUNDLE_IDENTIFIER = com.anicca.micromood.tests;
				SDKROOT = iphoneos;
				TARGETED_DEVICE_FAMILY = "1,2";
				TEST_HOST = "$(BUILT_PRODUCTS_DIR)/MicroMoodiOS.app/MicroMoodiOS";
			};
			name = Debug;
		};
		54A09462C181A1CE12B74E99 /* Release */ = {
			isa = XCBuildConfiguration;
			buildSettings = {
				ALWAYS_SEARCH_USER_PATHS = NO;
				CLANG_ANALYZER_NONNULL = YES;
				CLANG_ANALYZER_NUMBER_OBJECT_CONVERSION = YES_AGGRESSIVE;
				CLANG_CXX_LANGUAGE_STANDARD = "gnu++14";
				CLANG_CXX_LIBRARY = "libc++";
				CLANG_ENABLE_MODULES = YES;
				CLANG_ENABLE_OBJC_ARC = YES;
				CLANG_ENABLE_OBJC_WEAK = YES;
				CLANG_WARN_BLOCK_CAPTURE_AUTORELEASING = YES;
				CLANG_WARN_BOOL_CONVERSION = YES;
				CLANG_WARN_COMMA = YES;
				CLANG_WARN_CONSTANT_CONVERSION = YES;
				CLANG_WARN_DEPRECATED_OBJC_IMPLEMENTATIONS = YES;
				CLANG_WARN_DIRECT_OBJC_ISA_USAGE = YES_ERROR;
				CLANG_WARN_DOCUMENTATION_COMMENTS = YES;
				CLANG_WARN_EMPTY_BODY = YES;
				CLANG_WARN_ENUM_CONVERSION = YES;
				CLANG_WARN_INFINITE_RECURSION = YES;
				CLANG_WARN_INT_CONVERSION = YES;
				CLANG_WARN_NON_LITERAL_NULL_CONVERSION = YES;
				CLANG_WARN_OBJC_IMPLICIT_RETAIN_SELF = YES;
				CLANG_WARN_OBJC_LITERAL_CONVERSION = YES;
				CLANG_WARN_OBJC_ROOT_CLASS = YES_ERROR;
				CLANG_WARN_QUOTED_INCLUDE_IN_FRAMEWORK_HEADER = YES;
				CLANG_WARN_RANGE_LOOP_ANALYSIS = YES;
				CLANG_WARN_STRICT_PROTOTYPES = YES;
				CLANG_WARN_SUSPICIOUS_MOVE = YES;
				CLANG_WARN_UNGUARDED_AVAILABILITY = YES_AGGRESSIVE;
				CLANG_WARN_UNREACHABLE_CODE = YES;
				CLANG_WARN__DUPLICATE_METHOD_MATCH = YES;
				CODE_SIGN_IDENTITY = "iPhone Distribution";
				CODE_SIGN_STYLE = Manual;
				COPY_PHASE_STRIP = NO;
				CURRENT_PROJECT_VERSION = 1;
				DEBUG_INFORMATION_FORMAT = "dwarf-with-dsym";
				DEVELOPMENT_TEAM = S5U8UH3JLJ;
				ENABLE_NS_ASSERTIONS = NO;
				ENABLE_STRICT_OBJC_MSGSEND = YES;
				GCC_C_LANGUAGE_STANDARD = gnu11;
				GCC_NO_COMMON_BLOCKS = YES;
				GCC_WARN_64_TO_32_BIT_CONVERSION = YES;
				GCC_WARN_ABOUT_RETURN_TYPE = YES_ERROR;
				GCC_WARN_UNDECLARED_SELECTOR = YES;
				GCC_WARN_UNINITIALIZED_AUTOS = YES_AGGRESSIVE;
				GCC_WARN_UNUSED_FUNCTION = YES;
				GCC_WARN_UNUSED_VARIABLE = YES;
				IPHONEOS_DEPLOYMENT_TARGET = 17.0;
				MARKETING_VERSION = 1.0.0;
				MTL_ENABLE_DEBUG_INFO = NO;
				MTL_FAST_MATH = YES;
				PRODUCT_NAME = "$(TARGET_NAME)";
				SDKROOT = iphoneos;
				SWIFT_COMPILATION_MODE = wholemodule;
				SWIFT_OPTIMIZATION_LEVEL = "-O";
				SWIFT_VERSION = 5.9;
				TARGETED_DEVICE_FAMILY = 1;
			};
			name = Release;
		};
		72208762F63BA11984E6B9CF /* Release */ = {
			isa = XCBuildConfiguration;
			buildSettings = {
				ASSETCATALOG_COMPILER_APPICON_NAME = AppIcon;
				CODE_SIGN_IDENTITY = "iPhone Developer";
				GENERATE_INFOPLIST_FILE = NO;
				INFOPLIST_FILE = Resources/Info.plist;
				INFOPLIST_KEY_CFBundleDisplayName = "Micro Mood";
				IPHONEOS_DEPLOYMENT_TARGET = 17.0;
				LD_RUNPATH_SEARCH_PATHS = (
					"$(inherited)",
					"@executable_path/Frameworks",
				);
				PRODUCT_BUNDLE_IDENTIFIER = com.anicca.micromood;
				PROVISIONING_PROFILE_SPECIFIER = "Micro Mood AppStore Distribution";
				SDKROOT = iphoneos;
				TARGETED_DEVICE_FAMILY = "1,2";
			};
			name = Release;
		};
		77FA10C3991064FD229AE9C8 /* Debug */ = {
			isa = XCBuildConfiguration;
			buildSettings = {
				ASSETCATALOG_COMPILER_APPICON_NAME = AppIcon;
				CODE_SIGN_IDENTITY = "iPhone Developer";
				GENERATE_INFOPLIST_FILE = NO;
				INFOPLIST_FILE = Resources/Info.plist;
				INFOPLIST_KEY_CFBundleDisplayName = "Micro Mood";
				IPHONEOS_DEPLOYMENT_TARGET = 17.0;
				LD_RUNPATH_SEARCH_PATHS = (
					"$(inherited)",
					"@executable_path/Frameworks",
				);
				PRODUCT_BUNDLE_IDENTIFIER = com.anicca.micromood;
				PROVISIONING_PROFILE_SPECIFIER = "Micro Mood AppStore Distribution";
				SDKROOT = iphoneos;
				TARGETED_DEVICE_FAMILY = "1,2";
			};
			name = Debug;
		};
		AE50BBABC8A613441763AF87 /* Debug */ = {
			isa = XCBuildConfiguration;
			buildSettings = {
				CODE_SIGN_IDENTITY = "iPhone Distribution";
				CODE_SIGN_STYLE = Manual;
				DEVELOPMENT_TEAM = S5U8UH3JLJ;
				GENERATE_INFOPLIST_FILE = YES;
				INFOPLIST_KEY_CFBundleDisplayName = "Micro Mood Widget";
				IPHONEOS_DEPLOYMENT_TARGET = 17.0;
				LD_RUNPATH_SEARCH_PATHS = (
					"$(inherited)",
					"@executable_path/Frameworks",
					"@executable_path/../../Frameworks",
				);
				PRODUCT_BUNDLE_IDENTIFIER = com.anicca.micromood.widget;
				SDKROOT = iphoneos;
				TARGETED_DEVICE_FAMILY = "1,2";
			};
			name = Debug;
		};
		EC1C693917919C78F0BFF173 /* Debug */ = {
			isa = XCBuildConfiguration;
			buildSettings = {
				ALWAYS_SEARCH_USER_PATHS = NO;
				CLANG_ANALYZER_NONNULL = YES;
				CLANG_ANALYZER_NUMBER_OBJECT_CONVERSION = YES_AGGRESSIVE;
				CLANG_CXX_LANGUAGE_STANDARD = "gnu++14";
				CLANG_CXX_LIBRARY = "libc++";
				CLANG_ENABLE_MODULES = YES;
				CLANG_ENABLE_OBJC_ARC = YES;
				CLANG_ENABLE_OBJC_WEAK = YES;
				CLANG_WARN_BLOCK_CAPTURE_AUTORELEASING = YES;
				CLANG_WARN_BOOL_CONVERSION = YES;
				CLANG_WARN_COMMA = YES;
				CLANG_WARN_CONSTANT_CONVERSION = YES;
				CLANG_WARN_DEPRECATED_OBJC_IMPLEMENTATIONS = YES;
				CLANG_WARN_DIRECT_OBJC_ISA_USAGE = YES_ERROR;
				CLANG_WARN_DOCUMENTATION_COMMENTS = YES;
				CLANG_WARN_EMPTY_BODY = YES;
				CLANG_WARN_ENUM_CONVERSION = YES;
				CLANG_WARN_INFINITE_RECURSION = YES;
				CLANG_WARN_INT_CONVERSION = YES;
				CLANG_WARN_NON_LITERAL_NULL_CONVERSION = YES;
				CLANG_WARN_OBJC_IMPLICIT_RETAIN_SELF = YES;
				CLANG_WARN_OBJC_LITERAL_CONVERSION = YES;
				CLANG_WARN_OBJC_ROOT_CLASS = YES_ERROR;
				CLANG_WARN_QUOTED_INCLUDE_IN_FRAMEWORK_HEADER = YES;
				CLANG_WARN_RANGE_LOOP_ANALYSIS = YES;
				CLANG_WARN_STRICT_PROTOTYPES = YES;
				CLANG_WARN_SUSPICIOUS_MOVE = YES;
				CLANG_WARN_UNGUARDED_AVAILABILITY = YES_AGGRESSIVE;
				CLANG_WARN_UNREACHABLE_CODE = YES;
				CLANG_WARN__DUPLICATE_METHOD_MATCH = YES;
				CODE_SIGN_IDENTITY = "iPhone Distribution";
				CODE_SIGN_STYLE = Manual;
				COPY_PHASE_STRIP = NO;
				CURRENT_PROJECT_VERSION = 1;
				DEBUG_INFORMATION_FORMAT = dwarf;
				DEVELOPMENT_TEAM = S5U8UH3JLJ;
				ENABLE_STRICT_OBJC_MSGSEND = YES;
				ENABLE_TESTABILITY = YES;
				GCC_C_LANGUAGE_STANDARD = gnu11;
				GCC_DYNAMIC_NO_PIC = NO;
				GCC_NO_COMMON_BLOCKS = YES;
				GCC_OPTIMIZATION_LEVEL = 0;
				GCC_PREPROCESSOR_DEFINITIONS = (
					"$(inherited)",
					"DEBUG=1",
				);
				GCC_WARN_64_TO_32_BIT_CONVERSION = YES;
				GCC_WARN_ABOUT_RETURN_TYPE = YES_ERROR;
				GCC_WARN_UNDECLARED_SELECTOR = YES;
				GCC_WARN_UNINITIALIZED_AUTOS = YES_AGGRESSIVE;
				GCC_WARN_UNUSED_FUNCTION = YES;
				GCC_WARN_UNUSED_VARIABLE = YES;
				IPHONEOS_DEPLOYMENT_TARGET = 17.0;
				MARKETING_VERSION = 1.0.0;
				MTL_ENABLE_DEBUG_INFO = INCLUDE_SOURCE;
				MTL_FAST_MATH = YES;
				ONLY_ACTIVE_ARCH = YES;
				PRODUCT_NAME = "$(TARGET_NAME)";
				SDKROOT = iphoneos;
				SWIFT_ACTIVE_COMPILATION_CONDITIONS = DEBUG;
				SWIFT_OPTIMIZATION_LEVEL = "-Onone";
				SWIFT_VERSION = 5.9;
				TARGETED_DEVICE_FAMILY = 1;
			};
			name = Debug;
		};
/* End XCBuildConfiguration section */

/* Begin XCConfigurationList section */
		1EB898B11DCE3C29F59AC6BA /* Build configuration list for PBXNativeTarget "MicroMoodiOS" */ = {
			isa = XCConfigurationList;
			buildConfigurations = (
				77FA10C3991064FD229AE9C8 /* Debug */,
				72208762F63BA11984E6B9CF /* Release */,
			);
			defaultConfigurationIsVisible = 0;
			defaultConfigurationName = Debug;
		};
		A4C08FF8F28F1294669139BC /* Build configuration list for PBXNativeTarget "MicroMoodiOSWidget" */ = {
			isa = XCConfigurationList;
			buildConfigurations = (
				AE50BBABC8A613441763AF87 /* Debug */,
				3F844F868DC93DA6E01DE181 /* Release */,
			);
			defaultConfigurationIsVisible = 0;
			defaultConfigurationName = Debug;
		};
		ECC5DD664421E4650AC5E7DB /* Build configuration list for PBXProject "MicroMoodiOS" */ = {
			isa = XCConfigurationList;
			buildConfigurations = (
				EC1C693917919C78F0BFF173 /* Debug */,
				54A09462C181A1CE12B74E99 /* Release */,
			);
			defaultConfigurationIsVisible = 0;
			defaultConfigurationName = Debug;
		};
		ED5C874E5DBCF88E4564E2CA /* Build configuration list for PBXNativeTarget "MicroMoodiOSTests" */ = {
			isa = XCConfigurationList;
			buildConfigurations = (
				4AC7F0A35EEC263DE97A526A /* Debug */,
				3E3E71C16320C8C9A5D11DF4 /* Release */,
			);
			defaultConfigurationIsVisible = 0;
			defaultConfigurationName = Debug;
		};
/* End XCConfigurationList section */

/* Begin XCRemoteSwiftPackageReference section */
		C5035DD5F42B88ADD51FB9A3 /* XCRemoteSwiftPackageReference "mixpanel-swift" */ = {
			isa = XCRemoteSwiftPackageReference;
			repositoryURL = "https://github.com/mixpanel/mixpanel-swift";
			requirement = {
				kind = upToNextMajorVersion;
				minimumVersion = 4.0.0;
			};
		};
		CBA61220279D955B5A1EF3EC /* XCRemoteSwiftPackageReference "purchases-ios" */ = {
			isa = XCRemoteSwiftPackageReference;
			repositoryURL = "https://github.com/RevenueCat/purchases-ios";
			requirement = {
				kind = upToNextMajorVersion;
				minimumVersion = 5.0.0;
			};
		};
/* End XCRemoteSwiftPackageReference section */

/* Begin XCSwiftPackageProductDependency section */
		06429C2EEF1A85D68ABC95E7 /* RevenueCatUI */ = {
			isa = XCSwiftPackageProductDependency;
			package = CBA61220279D955B5A1EF3EC /* XCRemoteSwiftPackageReference "purchases-ios" */;
			productName = RevenueCatUI;
		};
		96FCEF2DBCBBE43F386F91B5 /* RevenueCat */ = {
			isa = XCSwiftPackageProductDependency;
			package = CBA61220279D955B5A1EF3EC /* XCRemoteSwiftPackageReference "purchases-ios" */;
			productName = RevenueCat;
		};
		D3DDC9D244B334E69D2FC301 /* Mixpanel */ = {
			isa = XCSwiftPackageProductDependency;
			package = C5035DD5F42B88ADD51FB9A3 /* XCRemoteSwiftPackageReference "mixpanel-swift" */;
			productName = Mixpanel;
		};
/* End XCSwiftPackageProductDependency section */
	};
	rootObject = B9D640F682DC2EB645DB3BBA /* Project object */;
}
