// !$*UTF8*$!
{
	archiveVersion = 1;
	classes = {
	};
	objectVersion = 77;
	objects = {

/* Begin PBXBuildFile section */
		0688E0C1EB7AB0C567AE4618 /* PrivacyInfo.xcprivacy in Resources */ = {isa = PBXBuildFile; fileRef = B530A52D712EC7B6FA016DF9 /* PrivacyInfo.xcprivacy */; };
		0F1C30753222518A6D08CCFF /* PaywallViewModel.swift in Sources */ = {isa = PBXBuildFile; fileRef = 915EFE61AC9E800CF78ADFC0 /* PaywallViewModel.swift */; };
		1C961CED053AADAF2B1E75DC /* NotificationService.swift in Sources */ = {isa = PBXBuildFile; fileRef = 9CAB62D04562EB7D1BCC32E7 /* NotificationService.swift */; };
		1DF25841B416B9492C58B1EB /* SubscriptionService.swift in Sources */ = {isa = PBXBuildFile; fileRef = 1EB0EF721C01ACDCB82782D9 /* SubscriptionService.swift */; };
		24F4E5EB2A6B46B1B8227308 /* Assets.xcassets in Resources */ = {isa = PBXBuildFile; fileRef = 8DA1DEA728BFDB32FF4CF145 /* Assets.xcassets */; };
		31AD7C001320916B2935BE5E /* RitualStep.swift in Sources */ = {isa = PBXBuildFile; fileRef = 2AF4E5C0F99E105726AFD556 /* RitualStep.swift */; };
		38AC29A77C491EC923300D5D /* RevenueCat in Frameworks */ = {isa = PBXBuildFile; productRef = E8D9990BF4025538D0EF60F0 /* RevenueCat */; };
		4A8E381E2074CF82EE8B609A /* SettingsView.swift in Sources */ = {isa = PBXBuildFile; fileRef = BD0F0B8DAD9FB572E2B3F594 /* SettingsView.swift */; };
		571908A0CD456B5031607A5D /* RitualViewModel.swift in Sources */ = {isa = PBXBuildFile; fileRef = CF18D1C9F08CDA2F2374C51C /* RitualViewModel.swift */; };
		8CA256BAB890B5FC96CB0786 /* RitualStore.swift in Sources */ = {isa = PBXBuildFile; fileRef = 3649F7BCAFB9DB458D3A7DC9 /* RitualStore.swift */; };
		8F233F35C70B5CB51C5866FD /* SleepRitualApp.swift in Sources */ = {isa = PBXBuildFile; fileRef = 059CA163D926E06F6B2E5ECA /* SleepRitualApp.swift */; };
		91DC8AF49C7B0F79EDEF2D37 /* RitualBuilderView.swift in Sources */ = {isa = PBXBuildFile; fileRef = F04FFF0A035EDC630565644C /* RitualBuilderView.swift */; };
		A81989FE7797A52AC5837D91 /* AnalyticsService.swift in Sources */ = {isa = PBXBuildFile; fileRef = 44E5C02055CACC291DA6BC5A /* AnalyticsService.swift */; };
		B86E02A20DFB986558141F54 /* StreakRecord.swift in Sources */ = {isa = PBXBuildFile; fileRef = AE66AD1BB2B23C848BA4F2DC /* StreakRecord.swift */; };
		BD0412DC01E969EDBC4D0691 /* ContentView.swift in Sources */ = {isa = PBXBuildFile; fileRef = B990BA1FF162551C135607A4 /* ContentView.swift */; };
		D323A7E47B726A7191535B48 /* PaywallView.swift in Sources */ = {isa = PBXBuildFile; fileRef = AB613A9955B73DCC955974F7 /* PaywallView.swift */; };
		D9D1FE3E66D3B733934DA9B7 /* Mixpanel in Frameworks */ = {isa = PBXBuildFile; productRef = F5E2826ECAD8141F53552FCA /* Mixpanel */; };
		DA73F1FCCE5917D6BD7368FB /* StreakViewModel.swift in Sources */ = {isa = PBXBuildFile; fileRef = 5BF5A5E57EFA259999295142 /* StreakViewModel.swift */; };
		DAC8B720F97908CD3E6C6368 /* HomeView.swift in Sources */ = {isa = PBXBuildFile; fileRef = 8A244EF32F68050554DCE4A0 /* HomeView.swift */; };
		E43E732E64ACB27698F3B21A /* SleepRitualTests.swift in Sources */ = {isa = PBXBuildFile; fileRef = 9B4DFF56392F1D4B075A5A16 /* SleepRitualTests.swift */; };
		E6B068F687EE2D4A4B26EB4C /* OnboardingView.swift in Sources */ = {isa = PBXBuildFile; fileRef = BC6F6F56BEB0A05DEE124E61 /* OnboardingView.swift */; };
/* End PBXBuildFile section */

/* Begin PBXContainerItemProxy section */
		06FBEEDE048876AECEA23DE3 /* PBXContainerItemProxy */ = {
			isa = PBXContainerItemProxy;
			containerPortal = 5BDA522B4E4942C7951B1C88 /* Project object */;
			proxyType = 1;
			remoteGlobalIDString = 81A237EFC964D262A9EA0FD8;
			remoteInfo = SleepRitual;
		};
/* End PBXContainerItemProxy section */

/* Begin PBXFileReference section */
		059CA163D926E06F6B2E5ECA /* SleepRitualApp.swift */ = {isa = PBXFileReference; lastKnownFileType = sourcecode.swift; path = SleepRitualApp.swift; sourceTree = "<group>"; };
		1EB0EF721C01ACDCB82782D9 /* SubscriptionService.swift */ = {isa = PBXFileReference; lastKnownFileType = sourcecode.swift; path = SubscriptionService.swift; sourceTree = "<group>"; };
		2AF4E5C0F99E105726AFD556 /* RitualStep.swift */ = {isa = PBXFileReference; lastKnownFileType = sourcecode.swift; path = RitualStep.swift; sourceTree = "<group>"; };
		2B46D29CA06E466830945517 /* SleepRitual.app */ = {isa = PBXFileReference; includeInIndex = 0; lastKnownFileType = wrapper.application; path = SleepRitual.app; sourceTree = BUILT_PRODUCTS_DIR; };
		2B73BDD406DA661267990695 /* Info.plist */ = {isa = PBXFileReference; lastKnownFileType = text.plist; path = Info.plist; sourceTree = "<group>"; };
		3649F7BCAFB9DB458D3A7DC9 /* RitualStore.swift */ = {isa = PBXFileReference; lastKnownFileType = sourcecode.swift; path = RitualStore.swift; sourceTree = "<group>"; };
		44E5C02055CACC291DA6BC5A /* AnalyticsService.swift */ = {isa = PBXFileReference; lastKnownFileType = sourcecode.swift; path = AnalyticsService.swift; sourceTree = "<group>"; };
		5BF5A5E57EFA259999295142 /* StreakViewModel.swift */ = {isa = PBXFileReference; lastKnownFileType = sourcecode.swift; path = StreakViewModel.swift; sourceTree = "<group>"; };
		756D57479023CC110EC976E0 /* SleepRitualTests.xctest */ = {isa = PBXFileReference; includeInIndex = 0; lastKnownFileType = wrapper.cfbundle; path = SleepRitualTests.xctest; sourceTree = BUILT_PRODUCTS_DIR; };
		8A244EF32F68050554DCE4A0 /* HomeView.swift */ = {isa = PBXFileReference; lastKnownFileType = sourcecode.swift; path = HomeView.swift; sourceTree = "<group>"; };
		8DA1DEA728BFDB32FF4CF145 /* Assets.xcassets */ = {isa = PBXFileReference; lastKnownFileType = folder; name = Assets.xcassets; path = SleepRitual/Resources/Assets.xcassets; sourceTree = SOURCE_ROOT; };
		915EFE61AC9E800CF78ADFC0 /* PaywallViewModel.swift */ = {isa = PBXFileReference; lastKnownFileType = sourcecode.swift; path = PaywallViewModel.swift; sourceTree = "<group>"; };
		9B4DFF56392F1D4B075A5A16 /* SleepRitualTests.swift */ = {isa = PBXFileReference; lastKnownFileType = sourcecode.swift; path = SleepRitualTests.swift; sourceTree = "<group>"; };
		9CAB62D04562EB7D1BCC32E7 /* NotificationService.swift */ = {isa = PBXFileReference; lastKnownFileType = sourcecode.swift; path = NotificationService.swift; sourceTree = "<group>"; };
		AB613A9955B73DCC955974F7 /* PaywallView.swift */ = {isa = PBXFileReference; lastKnownFileType = sourcecode.swift; path = PaywallView.swift; sourceTree = "<group>"; };
		AE66AD1BB2B23C848BA4F2DC /* StreakRecord.swift */ = {isa = PBXFileReference; lastKnownFileType = sourcecode.swift; path = StreakRecord.swift; sourceTree = "<group>"; };
		B530A52D712EC7B6FA016DF9 /* PrivacyInfo.xcprivacy */ = {isa = PBXFileReference; path = PrivacyInfo.xcprivacy; sourceTree = "<group>"; };
		B990BA1FF162551C135607A4 /* ContentView.swift */ = {isa = PBXFileReference; lastKnownFileType = sourcecode.swift; path = ContentView.swift; sourceTree = "<group>"; };
		BC6F6F56BEB0A05DEE124E61 /* OnboardingView.swift */ = {isa = PBXFileReference; lastKnownFileType = sourcecode.swift; path = OnboardingView.swift; sourceTree = "<group>"; };
		BD0F0B8DAD9FB572E2B3F594 /* SettingsView.swift */ = {isa = PBXFileReference; lastKnownFileType = sourcecode.swift; path = SettingsView.swift; sourceTree = "<group>"; };
		CF18D1C9F08CDA2F2374C51C /* RitualViewModel.swift */ = {isa = PBXFileReference; lastKnownFileType = sourcecode.swift; path = RitualViewModel.swift; sourceTree = "<group>"; };
		EE5AED617BF1A529AB5FB3E4 /* SleepRitual.entitlements */ = {isa = PBXFileReference; lastKnownFileType = text.plist.entitlements; path = SleepRitual.entitlements; sourceTree = "<group>"; };
		F04FFF0A035EDC630565644C /* RitualBuilderView.swift */ = {isa = PBXFileReference; lastKnownFileType = sourcecode.swift; path = RitualBuilderView.swift; sourceTree = "<group>"; };
/* End PBXFileReference section */

/* Begin PBXFrameworksBuildPhase section */
		276C5B17D957666A0727BBE3 /* Frameworks */ = {
			isa = PBXFrameworksBuildPhase;
			buildActionMask = 2147483647;
			files = (
				38AC29A77C491EC923300D5D /* RevenueCat in Frameworks */,
				D9D1FE3E66D3B733934DA9B7 /* Mixpanel in Frameworks */,
			);
			runOnlyForDeploymentPostprocessing = 0;
		};
/* End PBXFrameworksBuildPhase section */

/* Begin PBXGroup section */
		30B26B5213F113BE63300CE2 /* Services */ = {
			isa = PBXGroup;
			children = (
				44E5C02055CACC291DA6BC5A /* AnalyticsService.swift */,
				9CAB62D04562EB7D1BCC32E7 /* NotificationService.swift */,
				3649F7BCAFB9DB458D3A7DC9 /* RitualStore.swift */,
				1EB0EF721C01ACDCB82782D9 /* SubscriptionService.swift */,
			);
			path = Services;
			sourceTree = "<group>";
		};
		56350192DBB2942AA1B22864 /* Products */ = {
			isa = PBXGroup;
			children = (
				2B46D29CA06E466830945517 /* SleepRitual.app */,
				756D57479023CC110EC976E0 /* SleepRitualTests.xctest */,
			);
			name = Products;
			sourceTree = "<group>";
		};
		58A354B94CE361988B62B11D /* SleepRitualTests */ = {
			isa = PBXGroup;
			children = (
				9B4DFF56392F1D4B075A5A16 /* SleepRitualTests.swift */,
			);
			path = SleepRitualTests;
			sourceTree = "<group>";
		};
		927393C691C2F496A1B7C29F /* Views */ = {
			isa = PBXGroup;
			children = (
				8A244EF32F68050554DCE4A0 /* HomeView.swift */,
				BC6F6F56BEB0A05DEE124E61 /* OnboardingView.swift */,
				AB613A9955B73DCC955974F7 /* PaywallView.swift */,
				F04FFF0A035EDC630565644C /* RitualBuilderView.swift */,
				BD0F0B8DAD9FB572E2B3F594 /* SettingsView.swift */,
			);
			path = Views;
			sourceTree = "<group>";
		};
		C6140697A56E4C7C0F8E7C8E /* App */ = {
			isa = PBXGroup;
			children = (
				B990BA1FF162551C135607A4 /* ContentView.swift */,
				059CA163D926E06F6B2E5ECA /* SleepRitualApp.swift */,
			);
			path = App;
			sourceTree = "<group>";
		};
		D0ED04DE146B6FC821E5A4E7 /* Models */ = {
			isa = PBXGroup;
			children = (
				2AF4E5C0F99E105726AFD556 /* RitualStep.swift */,
				AE66AD1BB2B23C848BA4F2DC /* StreakRecord.swift */,
			);
			path = Models;
			sourceTree = "<group>";
		};
		D980A7FAB9E1E3BA89D19019 /* ViewModels */ = {
			isa = PBXGroup;
			children = (
				915EFE61AC9E800CF78ADFC0 /* PaywallViewModel.swift */,
				CF18D1C9F08CDA2F2374C51C /* RitualViewModel.swift */,
				5BF5A5E57EFA259999295142 /* StreakViewModel.swift */,
			);
			path = ViewModels;
			sourceTree = "<group>";
		};
		EF62A190B581767AC0F63C53 /* SleepRitual */ = {
			isa = PBXGroup;
			children = (
				2B73BDD406DA661267990695 /* Info.plist */,
				B530A52D712EC7B6FA016DF9 /* PrivacyInfo.xcprivacy */,
				EE5AED617BF1A529AB5FB3E4 /* SleepRitual.entitlements */,
				C6140697A56E4C7C0F8E7C8E /* App */,
				D0ED04DE146B6FC821E5A4E7 /* Models */,
				30B26B5213F113BE63300CE2 /* Services */,
				D980A7FAB9E1E3BA89D19019 /* ViewModels */,
				927393C691C2F496A1B7C29F /* Views */,
			);
			path = SleepRitual;
			sourceTree = "<group>";
		};
		EF62F59CA3A85E571DAB4D94 = {
			isa = PBXGroup;
			children = (
				8DA1DEA728BFDB32FF4CF145 /* Assets.xcassets */,
				EF62A190B581767AC0F63C53 /* SleepRitual */,
				58A354B94CE361988B62B11D /* SleepRitualTests */,
				56350192DBB2942AA1B22864 /* Products */,
			);
			sourceTree = "<group>";
		};
		"TEMP_354AEFCD-27D6-4DF9-B9FA-19D117ACD6CE" /* Resources */ = {
			isa = PBXGroup;
			children = (
			);
			path = Resources;
			sourceTree = "<group>";
		};
/* End PBXGroup section */

/* Begin PBXNativeTarget section */
		81A237EFC964D262A9EA0FD8 /* SleepRitual */ = {
			isa = PBXNativeTarget;
			buildConfigurationList = 698F961A25FBE5AC2EA817B4 /* Build configuration list for PBXNativeTarget "SleepRitual" */;
			buildPhases = (
				535A36F24688E28C0006ABCA /* Sources */,
				B13D4CECB74E7E9AE5B47468 /* Resources */,
				276C5B17D957666A0727BBE3 /* Frameworks */,
			);
			buildRules = (
			);
			dependencies = (
			);
			name = SleepRitual;
			packageProductDependencies = (
				E8D9990BF4025538D0EF60F0 /* RevenueCat */,
				F5E2826ECAD8141F53552FCA /* Mixpanel */,
			);
			productName = SleepRitual;
			productReference = 2B46D29CA06E466830945517 /* SleepRitual.app */;
			productType = "com.apple.product-type.application";
		};
		96342CEA746A9BD320890E40 /* SleepRitualTests */ = {
			isa = PBXNativeTarget;
			buildConfigurationList = EAF8B791D0FF4BA07F9A8242 /* Build configuration list for PBXNativeTarget "SleepRitualTests" */;
			buildPhases = (
				EA564FFFE76213ACDE4F3BB3 /* Sources */,
			);
			buildRules = (
			);
			dependencies = (
				92C3FD3EC77DCA199018E787 /* PBXTargetDependency */,
			);
			name = SleepRitualTests;
			packageProductDependencies = (
			);
			productName = SleepRitualTests;
			productReference = 756D57479023CC110EC976E0 /* SleepRitualTests.xctest */;
			productType = "com.apple.product-type.bundle.unit-test";
		};
/* End PBXNativeTarget section */

/* Begin PBXProject section */
		5BDA522B4E4942C7951B1C88 /* Project object */ = {
			isa = PBXProject;
			attributes = {
				BuildIndependentTargetsInParallel = YES;
				LastUpgradeCheck = 1430;
				TargetAttributes = {
					81A237EFC964D262A9EA0FD8 = {
						DevelopmentTeam = S5U8UH3JLJ;
						ProvisioningStyle = Automatic;
					};
				};
			};
			buildConfigurationList = E7EF02191D6FE65C1D938825 /* Build configuration list for PBXProject "SleepRitual" */;
			compatibilityVersion = "Xcode 14.0";
			developmentRegion = en;
			hasScannedForEncodings = 0;
			knownRegions = (
				Base,
				en,
			);
			mainGroup = EF62F59CA3A85E571DAB4D94;
			minimizedProjectReferenceProxies = 1;
			packageReferences = (
				0EC63A43C84977F3A09426F2 /* XCRemoteSwiftPackageReference "mixpanel-swift" */,
				B45504D8AD86ECFC3C0DA4A9 /* XCRemoteSwiftPackageReference "purchases-ios" */,
			);
			preferredProjectObjectVersion = 77;
			projectDirPath = "";
			projectRoot = "";
			targets = (
				81A237EFC964D262A9EA0FD8 /* SleepRitual */,
				96342CEA746A9BD320890E40 /* SleepRitualTests */,
			);
		};
/* End PBXProject section */

/* Begin PBXResourcesBuildPhase section */
		B13D4CECB74E7E9AE5B47468 /* Resources */ = {
			isa = PBXResourcesBuildPhase;
			buildActionMask = 2147483647;
			files = (
				24F4E5EB2A6B46B1B8227308 /* Assets.xcassets in Resources */,
				0688E0C1EB7AB0C567AE4618 /* PrivacyInfo.xcprivacy in Resources */,
			);
			runOnlyForDeploymentPostprocessing = 0;
		};
/* End PBXResourcesBuildPhase section */

/* Begin PBXSourcesBuildPhase section */
		535A36F24688E28C0006ABCA /* Sources */ = {
			isa = PBXSourcesBuildPhase;
			buildActionMask = 2147483647;
			files = (
				A81989FE7797A52AC5837D91 /* AnalyticsService.swift in Sources */,
				BD0412DC01E969EDBC4D0691 /* ContentView.swift in Sources */,
				DAC8B720F97908CD3E6C6368 /* HomeView.swift in Sources */,
				1C961CED053AADAF2B1E75DC /* NotificationService.swift in Sources */,
				E6B068F687EE2D4A4B26EB4C /* OnboardingView.swift in Sources */,
				D323A7E47B726A7191535B48 /* PaywallView.swift in Sources */,
				0F1C30753222518A6D08CCFF /* PaywallViewModel.swift in Sources */,
				91DC8AF49C7B0F79EDEF2D37 /* RitualBuilderView.swift in Sources */,
				31AD7C001320916B2935BE5E /* RitualStep.swift in Sources */,
				8CA256BAB890B5FC96CB0786 /* RitualStore.swift in Sources */,
				571908A0CD456B5031607A5D /* RitualViewModel.swift in Sources */,
				4A8E381E2074CF82EE8B609A /* SettingsView.swift in Sources */,
				8F233F35C70B5CB51C5866FD /* SleepRitualApp.swift in Sources */,
				B86E02A20DFB986558141F54 /* StreakRecord.swift in Sources */,
				DA73F1FCCE5917D6BD7368FB /* StreakViewModel.swift in Sources */,
				1DF25841B416B9492C58B1EB /* SubscriptionService.swift in Sources */,
			);
			runOnlyForDeploymentPostprocessing = 0;
		};
		EA564FFFE76213ACDE4F3BB3 /* Sources */ = {
			isa = PBXSourcesBuildPhase;
			buildActionMask = 2147483647;
			files = (
				E43E732E64ACB27698F3B21A /* SleepRitualTests.swift in Sources */,
			);
			runOnlyForDeploymentPostprocessing = 0;
		};
/* End PBXSourcesBuildPhase section */

/* Begin PBXTargetDependency section */
		92C3FD3EC77DCA199018E787 /* PBXTargetDependency */ = {
			isa = PBXTargetDependency;
			target = 81A237EFC964D262A9EA0FD8 /* SleepRitual */;
			targetProxy = 06FBEEDE048876AECEA23DE3 /* PBXContainerItemProxy */;
		};
/* End PBXTargetDependency section */

/* Begin XCBuildConfiguration section */
		23C09FED07170B25E5C249A7 /* Debug */ = {
			isa = XCBuildConfiguration;
			buildSettings = {
				ASSETCATALOG_COMPILER_APPICON_NAME = AppIcon;
				CODE_SIGN_ENTITLEMENTS = SleepRitual/SleepRitual.entitlements;
				CODE_SIGN_IDENTITY = "iPhone Developer";
				CODE_SIGN_STYLE = Automatic;
				DEVELOPMENT_TEAM = S5U8UH3JLJ;
				INFOPLIST_FILE = SleepRitual/Info.plist;
				IPHONEOS_DEPLOYMENT_TARGET = 17.0;
				LD_RUNPATH_SEARCH_PATHS = (
					"$(inherited)",
					"@executable_path/Frameworks",
				);
				PRODUCT_BUNDLE_IDENTIFIER = com.anicca.sleepritual;
				SDKROOT = iphoneos;
				SWIFT_VERSION = 5.0;
				TARGETED_DEVICE_FAMILY = 1;
			};
			name = Debug;
		};
		92A3F3F682D29D60D3FE8763 /* Debug */ = {
			isa = XCBuildConfiguration;
			buildSettings = {
				ALWAYS_SEARCH_USER_PATHS = NO;
				CLANG_ANALYZER_NONNULL = YES;
				CLANG_ANALYZER_NUMBER_OBJECT_CONVERSION = YES_AGGRESSIVE;
				CLANG_CXX_LANGUAGE_STANDARD = "gnu++14";
				CLANG_CXX_LIBRARY = "libc++";
				CLANG_ENABLE_MODULES = YES;
				CLANG_ENABLE_OBJC_ARC = YES;
				CLANG_ENABLE_OBJC_WEAK = YES;
				CLANG_WARN_BLOCK_CAPTURE_AUTORELEASING = YES;
				CLANG_WARN_BOOL_CONVERSION = YES;
				CLANG_WARN_COMMA = YES;
				CLANG_WARN_CONSTANT_CONVERSION = YES;
				CLANG_WARN_DEPRECATED_OBJC_IMPLEMENTATIONS = YES;
				CLANG_WARN_DIRECT_OBJC_ISA_USAGE = YES_ERROR;
				CLANG_WARN_DOCUMENTATION_COMMENTS = YES;
				CLANG_WARN_EMPTY_BODY = YES;
				CLANG_WARN_ENUM_CONVERSION = YES;
				CLANG_WARN_INFINITE_RECURSION = YES;
				CLANG_WARN_INT_CONVERSION = YES;
				CLANG_WARN_NON_LITERAL_NULL_CONVERSION = YES;
				CLANG_WARN_OBJC_IMPLICIT_RETAIN_SELF = YES;
				CLANG_WARN_OBJC_LITERAL_CONVERSION = YES;
				CLANG_WARN_OBJC_ROOT_CLASS = YES_ERROR;
				CLANG_WARN_QUOTED_INCLUDE_IN_FRAMEWORK_HEADER = YES;
				CLANG_WARN_RANGE_LOOP_ANALYSIS = YES;
				CLANG_WARN_STRICT_PROTOTYPES = YES;
				CLANG_WARN_SUSPICIOUS_MOVE = YES;
				CLANG_WARN_UNGUARDED_AVAILABILITY = YES_AGGRESSIVE;
				CLANG_WARN_UNREACHABLE_CODE = YES;
				CLANG_WARN__DUPLICATE_METHOD_MATCH = YES;
				COPY_PHASE_STRIP = NO;
				DEBUG_INFORMATION_FORMAT = dwarf;
				ENABLE_STRICT_OBJC_MSGSEND = YES;
				ENABLE_TESTABILITY = YES;
				GCC_C_LANGUAGE_STANDARD = gnu11;
				GCC_DYNAMIC_NO_PIC = NO;
				GCC_NO_COMMON_BLOCKS = YES;
				GCC_OPTIMIZATION_LEVEL = 0;
				GCC_PREPROCESSOR_DEFINITIONS = (
					"$(inherited)",
					"DEBUG=1",
				);
				GCC_WARN_64_TO_32_BIT_CONVERSION = YES;
				GCC_WARN_ABOUT_RETURN_TYPE = YES_ERROR;
				GCC_WARN_UNDECLARED_SELECTOR = YES;
				GCC_WARN_UNINITIALIZED_AUTOS = YES_AGGRESSIVE;
				GCC_WARN_UNUSED_FUNCTION = YES;
				GCC_WARN_UNUSED_VARIABLE = YES;
				IPHONEOS_DEPLOYMENT_TARGET = 17.0;
				MTL_ENABLE_DEBUG_INFO = INCLUDE_SOURCE;
				MTL_FAST_MATH = YES;
				ONLY_ACTIVE_ARCH = YES;
				PRODUCT_NAME = "$(TARGET_NAME)";
				SDKROOT = iphoneos;
				SWIFT_ACTIVE_COMPILATION_CONDITIONS = DEBUG;
				SWIFT_OPTIMIZATION_LEVEL = "-Onone";
				SWIFT_VERSION = 5.0;
			};
			name = Debug;
		};
		B738CB392D68D512533C1DFE /* Release */ = {
			isa = XCBuildConfiguration;
			buildSettings = {
				ASSETCATALOG_COMPILER_APPICON_NAME = AppIcon;
				CODE_SIGN_ENTITLEMENTS = SleepRitual/SleepRitual.entitlements;
				CODE_SIGN_IDENTITY = "iPhone Developer";
				CODE_SIGN_STYLE = Automatic;
				DEVELOPMENT_TEAM = S5U8UH3JLJ;
				INFOPLIST_FILE = SleepRitual/Info.plist;
				IPHONEOS_DEPLOYMENT_TARGET = 17.0;
				LD_RUNPATH_SEARCH_PATHS = (
					"$(inherited)",
					"@executable_path/Frameworks",
				);
				PRODUCT_BUNDLE_IDENTIFIER = com.anicca.sleepritual;
				SDKROOT = iphoneos;
				SWIFT_VERSION = 5.0;
				TARGETED_DEVICE_FAMILY = 1;
			};
			name = Release;
		};
		F2A35E557D56E16DD5B139B3 /* Debug */ = {
			isa = XCBuildConfiguration;
			buildSettings = {
				BUNDLE_LOADER = "$(TEST_HOST)";
				IPHONEOS_DEPLOYMENT_TARGET = 17.0;
				LD_RUNPATH_SEARCH_PATHS = (
					"$(inherited)",
					"@executable_path/Frameworks",
					"@loader_path/Frameworks",
				);
				PRODUCT_BUNDLE_IDENTIFIER = com.anicca.SleepRitualTests;
				SDKROOT = iphoneos;
				TARGETED_DEVICE_FAMILY = "1,2";
				TEST_HOST = "$(BUILT_PRODUCTS_DIR)/SleepRitual.app/$(BUNDLE_EXECUTABLE_FOLDER_PATH)/SleepRitual";
			};
			name = Debug;
		};
		F649802AC1C33AC5BD92F1FF /* Release */ = {
			isa = XCBuildConfiguration;
			buildSettings = {
				ALWAYS_SEARCH_USER_PATHS = NO;
				CLANG_ANALYZER_NONNULL = YES;
				CLANG_ANALYZER_NUMBER_OBJECT_CONVERSION = YES_AGGRESSIVE;
				CLANG_CXX_LANGUAGE_STANDARD = "gnu++14";
				CLANG_CXX_LIBRARY = "libc++";
				CLANG_ENABLE_MODULES = YES;
				CLANG_ENABLE_OBJC_ARC = YES;
				CLANG_ENABLE_OBJC_WEAK = YES;
				CLANG_WARN_BLOCK_CAPTURE_AUTORELEASING = YES;
				CLANG_WARN_BOOL_CONVERSION = YES;
				CLANG_WARN_COMMA = YES;
				CLANG_WARN_CONSTANT_CONVERSION = YES;
				CLANG_WARN_DEPRECATED_OBJC_IMPLEMENTATIONS = YES;
				CLANG_WARN_DIRECT_OBJC_ISA_USAGE = YES_ERROR;
				CLANG_WARN_DOCUMENTATION_COMMENTS = YES;
				CLANG_WARN_EMPTY_BODY = YES;
				CLANG_WARN_ENUM_CONVERSION = YES;
				CLANG_WARN_INFINITE_RECURSION = YES;
				CLANG_WARN_INT_CONVERSION = YES;
				CLANG_WARN_NON_LITERAL_NULL_CONVERSION = YES;
				CLANG_WARN_OBJC_IMPLICIT_RETAIN_SELF = YES;
				CLANG_WARN_OBJC_LITERAL_CONVERSION = YES;
				CLANG_WARN_OBJC_ROOT_CLASS = YES_ERROR;
				CLANG_WARN_QUOTED_INCLUDE_IN_FRAMEWORK_HEADER = YES;
				CLANG_WARN_RANGE_LOOP_ANALYSIS = YES;
				CLANG_WARN_STRICT_PROTOTYPES = YES;
				CLANG_WARN_SUSPICIOUS_MOVE = YES;
				CLANG_WARN_UNGUARDED_AVAILABILITY = YES_AGGRESSIVE;
				CLANG_WARN_UNREACHABLE_CODE = YES;
				CLANG_WARN__DUPLICATE_METHOD_MATCH = YES;
				COPY_PHASE_STRIP = NO;
				DEBUG_INFORMATION_FORMAT = "dwarf-with-dsym";
				ENABLE_NS_ASSERTIONS = NO;
				ENABLE_STRICT_OBJC_MSGSEND = YES;
				GCC_C_LANGUAGE_STANDARD = gnu11;
				GCC_NO_COMMON_BLOCKS = YES;
				GCC_WARN_64_TO_32_BIT_CONVERSION = YES;
				GCC_WARN_ABOUT_RETURN_TYPE = YES_ERROR;
				GCC_WARN_UNDECLARED_SELECTOR = YES;
				GCC_WARN_UNINITIALIZED_AUTOS = YES_AGGRESSIVE;
				GCC_WARN_UNUSED_FUNCTION = YES;
				GCC_WARN_UNUSED_VARIABLE = YES;
				IPHONEOS_DEPLOYMENT_TARGET = 17.0;
				MTL_ENABLE_DEBUG_INFO = NO;
				MTL_FAST_MATH = YES;
				PRODUCT_NAME = "$(TARGET_NAME)";
				SDKROOT = iphoneos;
				SWIFT_COMPILATION_MODE = wholemodule;
				SWIFT_OPTIMIZATION_LEVEL = "-O";
				SWIFT_VERSION = 5.0;
			};
			name = Release;
		};
		FBF3AB92D4AE84D05414ADF8 /* Release */ = {
			isa = XCBuildConfiguration;
			buildSettings = {
				BUNDLE_LOADER = "$(TEST_HOST)";
				IPHONEOS_DEPLOYMENT_TARGET = 17.0;
				LD_RUNPATH_SEARCH_PATHS = (
					"$(inherited)",
					"@executable_path/Frameworks",
					"@loader_path/Frameworks",
				);
				PRODUCT_BUNDLE_IDENTIFIER = com.anicca.SleepRitualTests;
				SDKROOT = iphoneos;
				TARGETED_DEVICE_FAMILY = "1,2";
				TEST_HOST = "$(BUILT_PRODUCTS_DIR)/SleepRitual.app/$(BUNDLE_EXECUTABLE_FOLDER_PATH)/SleepRitual";
			};
			name = Release;
		};
/* End XCBuildConfiguration section */

/* Begin XCConfigurationList section */
		698F961A25FBE5AC2EA817B4 /* Build configuration list for PBXNativeTarget "SleepRitual" */ = {
			isa = XCConfigurationList;
			buildConfigurations = (
				23C09FED07170B25E5C249A7 /* Debug */,
				B738CB392D68D512533C1DFE /* Release */,
			);
			defaultConfigurationIsVisible = 0;
			defaultConfigurationName = Debug;
		};
		E7EF02191D6FE65C1D938825 /* Build configuration list for PBXProject "SleepRitual" */ = {
			isa = XCConfigurationList;
			buildConfigurations = (
				92A3F3F682D29D60D3FE8763 /* Debug */,
				F649802AC1C33AC5BD92F1FF /* Release */,
			);
			defaultConfigurationIsVisible = 0;
			defaultConfigurationName = Debug;
		};
		EAF8B791D0FF4BA07F9A8242 /* Build configuration list for PBXNativeTarget "SleepRitualTests" */ = {
			isa = XCConfigurationList;
			buildConfigurations = (
				F2A35E557D56E16DD5B139B3 /* Debug */,
				FBF3AB92D4AE84D05414ADF8 /* Release */,
			);
			defaultConfigurationIsVisible = 0;
			defaultConfigurationName = Debug;
		};
/* End XCConfigurationList section */

/* Begin XCRemoteSwiftPackageReference section */
		0EC63A43C84977F3A09426F2 /* XCRemoteSwiftPackageReference "mixpanel-swift" */ = {
			isa = XCRemoteSwiftPackageReference;
			repositoryURL = "https://github.com/mixpanel/mixpanel-swift";
			requirement = {
				kind = upToNextMajorVersion;
				minimumVersion = 4.0.0;
			};
		};
		B45504D8AD86ECFC3C0DA4A9 /* XCRemoteSwiftPackageReference "purchases-ios" */ = {
			isa = XCRemoteSwiftPackageReference;
			repositoryURL = "https://github.com/RevenueCat/purchases-ios";
			requirement = {
				kind = upToNextMajorVersion;
				minimumVersion = 5.0.0;
			};
		};
/* End XCRemoteSwiftPackageReference section */

/* Begin XCSwiftPackageProductDependency section */
		E8D9990BF4025538D0EF60F0 /* RevenueCat */ = {
			isa = XCSwiftPackageProductDependency;
			package = B45504D8AD86ECFC3C0DA4A9 /* XCRemoteSwiftPackageReference "purchases-ios" */;
			productName = RevenueCat;
		};
		F5E2826ECAD8141F53552FCA /* Mixpanel */ = {
			isa = XCSwiftPackageProductDependency;
			package = 0EC63A43C84977F3A09426F2 /* XCRemoteSwiftPackageReference "mixpanel-swift" */;
			productName = Mixpanel;
		};
/* End XCSwiftPackageProductDependency section */
	};
	rootObject = 5BDA522B4E4942C7951B1C88 /* Project object */;
}
